{
  "pins" : [
    {
      "identity" : "swiftsoup",
      "kind" : "remoteSourceControl",
      "location" : "https://github.com/scinfu/SwiftSoup.git",
      "state" : {
        "revision" : "64e4daa41b0f22affa94a6063d509c137c26909c",
        "version" : "2.8.5"
      }
    }
  ],
  "version" : 2
}
